
Microsoft Visual Studio Solution File, Format Version 12.00
# Visual Studio Version 17
VisualStudioVersion = 17.6.33815.320
MinimumVisualStudioVersion = 10.0.40219.1
Project("{8BC9CEB8-8B4A-11D0-8D11-00A0C91BC942}") = "student automation system", "student automation system.vcxproj", "{DFC00090-8EFB-4519-8266-7CCDC3DF9B06}"
EndProject
Global
	GlobalSection(SolutionConfigurationPlatforms) = preSolution
		Debug|x64 = Debug|x64
		Debug|x86 = Debug|x86
		Release|x64 = Release|x64
		Release|x86 = Release|x86
	EndGlobalSection
	GlobalSection(ProjectConfigurationPlatforms) = postSolution
		{DFC00090-8EFB-4519-8266-7CCDC3DF9B06}.Debug|x64.ActiveCfg = Debug|x64
		{DFC00090-8EFB-4519-8266-7CCDC3DF9B06}.Debug|x64.Build.0 = Debug|x64
		{DFC00090-8EFB-4519-8266-7CCDC3DF9B06}.Debug|x86.ActiveCfg = Debug|Win32
		{DFC00090-8EFB-4519-8266-7CCDC3DF9B06}.Debug|x86.Build.0 = Debug|Win32
		{DFC00090-8EFB-4519-8266-7CCDC3DF9B06}.Release|x64.ActiveCfg = Release|x64
		{DFC00090-8EFB-4519-8266-7CCDC3DF9B06}.Release|x64.Build.0 = Release|x64
		{DFC00090-8EFB-4519-8266-7CCDC3DF9B06}.Release|x86.ActiveCfg = Release|Win32
		{DFC00090-8EFB-4519-8266-7CCDC3DF9B06}.Release|x86.Build.0 = Release|Win32
	EndGlobalSection
	GlobalSection(SolutionProperties) = preSolution
		HideSolutionNode = FALSE
	EndGlobalSection
	GlobalSection(ExtensibilityGlobals) = postSolution
		SolutionGuid = {1C4C324C-4EDB-447E-9DBF-A3EB96D7130F}
	EndGlobalSection
EndGlobal
